
Microsoft Visual Studio Solution File, Format Version 12.00
# Visual Studio Version 17
VisualStudioVersion = 17.6.33829.357
MinimumVisualStudioVersion = 10.0.40219.1
Project("{9A19103F-16F7-4668-BE54-9A1E7A4F7556}") = "lab3", "lab3\lab3.csproj", "{AB0242CB-23C1-4CE4-8169-9A752E41251A}"
EndProject
Global
	GlobalSection(SolutionConfigurationPlatforms) = preSolution
		Debug|Any CPU = Debug|Any CPU
		Release|Any CPU = Release|Any CPU
	EndGlobalSection
	GlobalSection(ProjectConfigurationPlatforms) = postSolution
		{AB0242CB-23C1-4CE4-8169-9A752E41251A}.Debug|Any CPU.ActiveCfg = Debug|Any CPU
		{AB0242CB-23C1-4CE4-8169-9A752E41251A}.Debug|Any CPU.Build.0 = Debug|Any CPU
		{AB0242CB-23C1-4CE4-8169-9A752E41251A}.Release|Any CPU.ActiveCfg = Release|Any CPU
		{AB0242CB-23C1-4CE4-8169-9A752E41251A}.Release|Any CPU.Build.0 = Release|Any CPU
	EndGlobalSection
	GlobalSection(SolutionProperties) = preSolution
		HideSolutionNode = FALSE
	EndGlobalSection
	GlobalSection(ExtensibilityGlobals) = postSolution
		SolutionGuid = {2BB0E5E1-909E-43A8-A946-9541F7E59551}
	EndGlobalSection
EndGlobal
